
Microsoft Visual Studio Solution File, Format Version 12.00
# Visual Studio 15
VisualStudioVersion = 15.0.27428.2002
MinimumVisualStudioVersion = 10.0.40219.1
Project("{FAE04EC0-301F-11D3-BF4B-00C04F79EFBC}") = "RxPresentation.Android", "RxPresentation\RxPresentation.Android\RxPresentation.Android.csproj", "{852A633D-271D-4E1F-A1E7-D01FEE107BDD}"
EndProject
Project("{FAE04EC0-301F-11D3-BF4B-00C04F79EFBC}") = "RxPresentation.iOS", "RxPresentation\RxPresentation.iOS\RxPresentation.iOS.csproj", "{C2FBEF11-39F8-49C0-890E-3B79C26F5F15}"
EndProject
Project("{FAE04EC0-301F-11D3-BF4B-00C04F79EFBC}") = "RxPresentation.UWP", "RxPresentation\RxPresentation.UWP\RxPresentation.UWP.csproj", "{98DA7760-0ECC-4F5C-84DA-D621174BE29D}"
EndProject
Project("{9A19103F-16F7-4668-BE54-9A1E7A4F7556}") = "RxPresentation", "RxPresentation\RxPresentation\RxPresentation.csproj", "{6E8D546F-760A-47AB-B833-8460001EC7A7}"
EndProject
Project("{9A19103F-16F7-4668-BE54-9A1E7A4F7556}") = "RxPresentation.Tests", "RxPresentation\RxPresentation.Tests\RxPresentation.Tests.csproj", "{649E0DED-C341-465A-98EC-E34B8987A94A}"
EndProject
Project("{FAE04EC0-301F-11D3-BF4B-00C04F79EFBC}") = "DevDays.UWP", "DevDays.UWP\DevDays.UWP.csproj", "{BB866FCE-B50B-46BE-92FC-D4CC19D4F8BA}"
EndProject
Global
	GlobalSection(SolutionConfigurationPlatforms) = preSolution
		Ad-Hoc|Any CPU = Ad-Hoc|Any CPU
		Ad-Hoc|ARM = Ad-Hoc|ARM
		Ad-Hoc|iPhone = Ad-Hoc|iPhone
		Ad-Hoc|iPhoneSimulator = Ad-Hoc|iPhoneSimulator
		Ad-Hoc|x64 = Ad-Hoc|x64
		Ad-Hoc|x86 = Ad-Hoc|x86
		AppStore|Any CPU = AppStore|Any CPU
		AppStore|ARM = AppStore|ARM
		AppStore|iPhone = AppStore|iPhone
		AppStore|iPhoneSimulator = AppStore|iPhoneSimulator
		AppStore|x64 = AppStore|x64
		AppStore|x86 = AppStore|x86
		Debug|Any CPU = Debug|Any CPU
		Debug|ARM = Debug|ARM
		Debug|iPhone = Debug|iPhone
		Debug|iPhoneSimulator = Debug|iPhoneSimulator
		Debug|x64 = Debug|x64
		Debug|x86 = Debug|x86
		Release|Any CPU = Release|Any CPU
		Release|ARM = Release|ARM
		Release|iPhone = Release|iPhone
		Release|iPhoneSimulator = Release|iPhoneSimulator
		Release|x64 = Release|x64
		Release|x86 = Release|x86
	EndGlobalSection
	GlobalSection(ProjectConfigurationPlatforms) = postSolution
		{852A633D-271D-4E1F-A1E7-D01FEE107BDD}.Ad-Hoc|Any CPU.ActiveCfg = Release|Any CPU
		{852A633D-271D-4E1F-A1E7-D01FEE107BDD}.Ad-Hoc|Any CPU.Build.0 = Release|Any CPU
		{852A633D-271D-4E1F-A1E7-D01FEE107BDD}.Ad-Hoc|Any CPU.Deploy.0 = Release|Any CPU
		{852A633D-271D-4E1F-A1E7-D01FEE107BDD}.Ad-Hoc|ARM.ActiveCfg = Release|Any CPU
		{852A633D-271D-4E1F-A1E7-D01FEE107BDD}.Ad-Hoc|ARM.Build.0 = Release|Any CPU
		{852A633D-271D-4E1F-A1E7-D01FEE107BDD}.Ad-Hoc|ARM.Deploy.0 = Release|Any CPU
		{852A633D-271D-4E1F-A1E7-D01FEE107BDD}.Ad-Hoc|iPhone.ActiveCfg = Release|Any CPU
		{852A633D-271D-4E1F-A1E7-D01FEE107BDD}.Ad-Hoc|iPhone.Build.0 = Release|Any CPU
		{852A633D-271D-4E1F-A1E7-D01FEE107BDD}.Ad-Hoc|iPhone.Deploy.0 = Release|Any CPU
		{852A633D-271D-4E1F-A1E7-D01FEE107BDD}.Ad-Hoc|iPhoneSimulator.ActiveCfg = Release|Any CPU
		{852A633D-271D-4E1F-A1E7-D01FEE107BDD}.Ad-Hoc|iPhoneSimulator.Build.0 = Release|Any CPU
		{852A633D-271D-4E1F-A1E7-D01FEE107BDD}.Ad-Hoc|iPhoneSimulator.Deploy.0 = Release|Any CPU
		{852A633D-271D-4E1F-A1E7-D01FEE107BDD}.Ad-Hoc|x64.ActiveCfg = Release|Any CPU
		{852A633D-271D-4E1F-A1E7-D01FEE107BDD}.Ad-Hoc|x64.Build.0 = Release|Any CPU
		{852A633D-271D-4E1F-A1E7-D01FEE107BDD}.Ad-Hoc|x64.Deploy.0 = Release|Any CPU
		{852A633D-271D-4E1F-A1E7-D01FEE107BDD}.Ad-Hoc|x86.ActiveCfg = Release|Any CPU
		{852A633D-271D-4E1F-A1E7-D01FEE107BDD}.Ad-Hoc|x86.Build.0 = Release|Any CPU
		{852A633D-271D-4E1F-A1E7-D01FEE107BDD}.Ad-Hoc|x86.Deploy.0 = Release|Any CPU
		{852A633D-271D-4E1F-A1E7-D01FEE107BDD}.AppStore|Any CPU.ActiveCfg = Release|Any CPU
		{852A633D-271D-4E1F-A1E7-D01FEE107BDD}.AppStore|Any CPU.Build.0 = Release|Any CPU
		{852A633D-271D-4E1F-A1E7-D01FEE107BDD}.AppStore|Any CPU.Deploy.0 = Release|Any CPU
		{852A633D-271D-4E1F-A1E7-D01FEE107BDD}.AppStore|ARM.ActiveCfg = Release|Any CPU
		{852A633D-271D-4E1F-A1E7-D01FEE107BDD}.AppStore|ARM.Build.0 = Release|Any CPU
		{852A633D-271D-4E1F-A1E7-D01FEE107BDD}.AppStore|ARM.Deploy.0 = Release|Any CPU
		{852A633D-271D-4E1F-A1E7-D01FEE107BDD}.AppStore|iPhone.ActiveCfg = Release|Any CPU
		{852A633D-271D-4E1F-A1E7-D01FEE107BDD}.AppStore|iPhone.Build.0 = Release|Any CPU
		{852A633D-271D-4E1F-A1E7-D01FEE107BDD}.AppStore|iPhone.Deploy.0 = Release|Any CPU
		{852A633D-271D-4E1F-A1E7-D01FEE107BDD}.AppStore|iPhoneSimulator.ActiveCfg = Release|Any CPU
		{852A633D-271D-4E1F-A1E7-D01FEE107BDD}.AppStore|iPhoneSimulator.Build.0 = Release|Any CPU
		{852A633D-271D-4E1F-A1E7-D01FEE107BDD}.AppStore|iPhoneSimulator.Deploy.0 = Release|Any CPU
		{852A633D-271D-4E1F-A1E7-D01FEE107BDD}.AppStore|x64.ActiveCfg = Release|Any CPU
		{852A633D-271D-4E1F-A1E7-D01FEE107BDD}.AppStore|x64.Build.0 = Release|Any CPU
		{852A633D-271D-4E1F-A1E7-D01FEE107BDD}.AppStore|x64.Deploy.0 = Release|Any CPU
		{852A633D-271D-4E1F-A1E7-D01FEE107BDD}.AppStore|x86.ActiveCfg = Release|Any CPU
		{852A633D-271D-4E1F-A1E7-D01FEE107BDD}.AppStore|x86.Build.0 = Release|Any CPU
		{852A633D-271D-4E1F-A1E7-D01FEE107BDD}.AppStore|x86.Deploy.0 = Release|Any CPU
		{852A633D-271D-4E1F-A1E7-D01FEE107BDD}.Debug|Any CPU.ActiveCfg = Debug|Any CPU
		{852A633D-271D-4E1F-A1E7-D01FEE107BDD}.Debug|Any CPU.Build.0 = Debug|Any CPU
		{852A633D-271D-4E1F-A1E7-D01FEE107BDD}.Debug|Any CPU.Deploy.0 = Debug|Any CPU
		{852A633D-271D-4E1F-A1E7-D01FEE107BDD}.Debug|ARM.ActiveCfg = Debug|Any CPU
		{852A633D-271D-4E1F-A1E7-D01FEE107BDD}.Debug|ARM.Build.0 = Debug|Any CPU
		{852A633D-271D-4E1F-A1E7-D01FEE107BDD}.Debug|ARM.Deploy.0 = Debug|Any CPU
		{852A633D-271D-4E1F-A1E7-D01FEE107BDD}.Debug|iPhone.ActiveCfg = Debug|Any CPU
		{852A633D-271D-4E1F-A1E7-D01FEE107BDD}.Debug|iPhone.Build.0 = Debug|Any CPU
		{852A633D-271D-4E1F-A1E7-D01FEE107BDD}.Debug|iPhone.Deploy.0 = Debug|Any CPU
		{852A633D-271D-4E1F-A1E7-D01FEE107BDD}.Debug|iPhoneSimulator.ActiveCfg = Debug|Any CPU
		{852A633D-271D-4E1F-A1E7-D01FEE107BDD}.Debug|iPhoneSimulator.Build.0 = Debug|Any CPU
		{852A633D-271D-4E1F-A1E7-D01FEE107BDD}.Debug|iPhoneSimulator.Deploy.0 = Debug|Any CPU
		{852A633D-271D-4E1F-A1E7-D01FEE107BDD}.Debug|x64.ActiveCfg = Debug|Any CPU
		{852A633D-271D-4E1F-A1E7-D01FEE107BDD}.Debug|x64.Build.0 = Debug|Any CPU
		{852A633D-271D-4E1F-A1E7-D01FEE107BDD}.Debug|x64.Deploy.0 = Debug|Any CPU
		{852A633D-271D-4E1F-A1E7-D01FEE107BDD}.Debug|x86.ActiveCfg = Debug|Any CPU
		{852A633D-271D-4E1F-A1E7-D01FEE107BDD}.Debug|x86.Build.0 = Debug|Any CPU
		{852A633D-271D-4E1F-A1E7-D01FEE107BDD}.Debug|x86.Deploy.0 = Debug|Any CPU
		{852A633D-271D-4E1F-A1E7-D01FEE107BDD}.Release|Any CPU.ActiveCfg = Release|Any CPU
		{852A633D-271D-4E1F-A1E7-D01FEE107BDD}.Release|Any CPU.Build.0 = Release|Any CPU
		{852A633D-271D-4E1F-A1E7-D01FEE107BDD}.Release|Any CPU.Deploy.0 = Release|Any CPU
		{852A633D-271D-4E1F-A1E7-D01FEE107BDD}.Release|ARM.ActiveCfg = Release|Any CPU
		{852A633D-271D-4E1F-A1E7-D01FEE107BDD}.Release|ARM.Build.0 = Release|Any CPU
		{852A633D-271D-4E1F-A1E7-D01FEE107BDD}.Release|ARM.Deploy.0 = Release|Any CPU
		{852A633D-271D-4E1F-A1E7-D01FEE107BDD}.Release|iPhone.ActiveCfg = Release|Any CPU
		{852A633D-271D-4E1F-A1E7-D01FEE107BDD}.Release|iPhone.Build.0 = Release|Any CPU
		{852A633D-271D-4E1F-A1E7-D01FEE107BDD}.Release|iPhone.Deploy.0 = Release|Any CPU
		{852A633D-271D-4E1F-A1E7-D01FEE107BDD}.Release|iPhoneSimulator.ActiveCfg = Release|Any CPU
		{852A633D-271D-4E1F-A1E7-D01FEE107BDD}.Release|iPhoneSimulator.Build.0 = Release|Any CPU
		{852A633D-271D-4E1F-A1E7-D01FEE107BDD}.Release|iPhoneSimulator.Deploy.0 = Release|Any CPU
		{852A633D-271D-4E1F-A1E7-D01FEE107BDD}.Release|x64.ActiveCfg = Release|Any CPU
		{852A633D-271D-4E1F-A1E7-D01FEE107BDD}.Release|x64.Build.0 = Release|Any CPU
		{852A633D-271D-4E1F-A1E7-D01FEE107BDD}.Release|x64.Deploy.0 = Release|Any CPU
		{852A633D-271D-4E1F-A1E7-D01FEE107BDD}.Release|x86.ActiveCfg = Release|Any CPU
		{852A633D-271D-4E1F-A1E7-D01FEE107BDD}.Release|x86.Build.0 = Release|Any CPU
		{852A633D-271D-4E1F-A1E7-D01FEE107BDD}.Release|x86.Deploy.0 = Release|Any CPU
		{C2FBEF11-39F8-49C0-890E-3B79C26F5F15}.Ad-Hoc|Any CPU.ActiveCfg = Ad-Hoc|iPhone
		{C2FBEF11-39F8-49C0-890E-3B79C26F5F15}.Ad-Hoc|ARM.ActiveCfg = Ad-Hoc|iPhone
		{C2FBEF11-39F8-49C0-890E-3B79C26F5F15}.Ad-Hoc|iPhone.ActiveCfg = Ad-Hoc|iPhone
		{C2FBEF11-39F8-49C0-890E-3B79C26F5F15}.Ad-Hoc|iPhone.Build.0 = Ad-Hoc|iPhone
		{C2FBEF11-39F8-49C0-890E-3B79C26F5F15}.Ad-Hoc|iPhoneSimulator.ActiveCfg = Ad-Hoc|iPhoneSimulator
		{C2FBEF11-39F8-49C0-890E-3B79C26F5F15}.Ad-Hoc|iPhoneSimulator.Build.0 = Ad-Hoc|iPhoneSimulator
		{C2FBEF11-39F8-49C0-890E-3B79C26F5F15}.Ad-Hoc|x64.ActiveCfg = Ad-Hoc|iPhone
		{C2FBEF11-39F8-49C0-890E-3B79C26F5F15}.Ad-Hoc|x86.ActiveCfg = Ad-Hoc|iPhone
		{C2FBEF11-39F8-49C0-890E-3B79C26F5F15}.AppStore|Any CPU.ActiveCfg = AppStore|iPhone
		{C2FBEF11-39F8-49C0-890E-3B79C26F5F15}.AppStore|ARM.ActiveCfg = AppStore|iPhone
		{C2FBEF11-39F8-49C0-890E-3B79C26F5F15}.AppStore|iPhone.ActiveCfg = AppStore|iPhone
		{C2FBEF11-39F8-49C0-890E-3B79C26F5F15}.AppStore|iPhone.Build.0 = AppStore|iPhone
		{C2FBEF11-39F8-49C0-890E-3B79C26F5F15}.AppStore|iPhoneSimulator.ActiveCfg = AppStore|iPhoneSimulator
		{C2FBEF11-39F8-49C0-890E-3B79C26F5F15}.AppStore|iPhoneSimulator.Build.0 = AppStore|iPhoneSimulator
		{C2FBEF11-39F8-49C0-890E-3B79C26F5F15}.AppStore|x64.ActiveCfg = AppStore|iPhone
		{C2FBEF11-39F8-49C0-890E-3B79C26F5F15}.AppStore|x86.ActiveCfg = AppStore|iPhone
		{C2FBEF11-39F8-49C0-890E-3B79C26F5F15}.Debug|Any CPU.ActiveCfg = Debug|iPhone
		{C2FBEF11-39F8-49C0-890E-3B79C26F5F15}.Debug|ARM.ActiveCfg = Debug|iPhone
		{C2FBEF11-39F8-49C0-890E-3B79C26F5F15}.Debug|iPhone.ActiveCfg = Debug|iPhone
		{C2FBEF11-39F8-49C0-890E-3B79C26F5F15}.Debug|iPhone.Build.0 = Debug|iPhone
		{C2FBEF11-39F8-49C0-890E-3B79C26F5F15}.Debug|iPhoneSimulator.ActiveCfg = Debug|iPhoneSimulator
		{C2FBEF11-39F8-49C0-890E-3B79C26F5F15}.Debug|iPhoneSimulator.Build.0 = Debug|iPhoneSimulator
		{C2FBEF11-39F8-49C0-890E-3B79C26F5F15}.Debug|x64.ActiveCfg = Debug|iPhone
		{C2FBEF11-39F8-49C0-890E-3B79C26F5F15}.Debug|x86.ActiveCfg = Debug|iPhone
		{C2FBEF11-39F8-49C0-890E-3B79C26F5F15}.Release|Any CPU.ActiveCfg = Release|iPhone
		{C2FBEF11-39F8-49C0-890E-3B79C26F5F15}.Release|ARM.ActiveCfg = Release|iPhone
		{C2FBEF11-39F8-49C0-890E-3B79C26F5F15}.Release|iPhone.ActiveCfg = Release|iPhone
		{C2FBEF11-39F8-49C0-890E-3B79C26F5F15}.Release|iPhone.Build.0 = Release|iPhone
		{C2FBEF11-39F8-49C0-890E-3B79C26F5F15}.Release|iPhoneSimulator.ActiveCfg = Release|iPhoneSimulator
		{C2FBEF11-39F8-49C0-890E-3B79C26F5F15}.Release|iPhoneSimulator.Build.0 = Release|iPhoneSimulator
		{C2FBEF11-39F8-49C0-890E-3B79C26F5F15}.Release|x64.ActiveCfg = Release|iPhone
		{C2FBEF11-39F8-49C0-890E-3B79C26F5F15}.Release|x86.ActiveCfg = Release|iPhone
		{98DA7760-0ECC-4F5C-84DA-D621174BE29D}.Ad-Hoc|Any CPU.ActiveCfg = Release|x86
		{98DA7760-0ECC-4F5C-84DA-D621174BE29D}.Ad-Hoc|Any CPU.Build.0 = Release|x86
		{98DA7760-0ECC-4F5C-84DA-D621174BE29D}.Ad-Hoc|Any CPU.Deploy.0 = Release|x86
		{98DA7760-0ECC-4F5C-84DA-D621174BE29D}.Ad-Hoc|ARM.ActiveCfg = Release|ARM
		{98DA7760-0ECC-4F5C-84DA-D621174BE29D}.Ad-Hoc|ARM.Build.0 = Release|ARM
		{98DA7760-0ECC-4F5C-84DA-D621174BE29D}.Ad-Hoc|ARM.Deploy.0 = Release|ARM
		{98DA7760-0ECC-4F5C-84DA-D621174BE29D}.Ad-Hoc|iPhone.ActiveCfg = Release|x86
		{98DA7760-0ECC-4F5C-84DA-D621174BE29D}.Ad-Hoc|iPhone.Build.0 = Release|x86
		{98DA7760-0ECC-4F5C-84DA-D621174BE29D}.Ad-Hoc|iPhone.Deploy.0 = Release|x86
		{98DA7760-0ECC-4F5C-84DA-D621174BE29D}.Ad-Hoc|iPhoneSimulator.ActiveCfg = Release|x86
		{98DA7760-0ECC-4F5C-84DA-D621174BE29D}.Ad-Hoc|iPhoneSimulator.Build.0 = Release|x86
		{98DA7760-0ECC-4F5C-84DA-D621174BE29D}.Ad-Hoc|iPhoneSimulator.Deploy.0 = Release|x86
		{98DA7760-0ECC-4F5C-84DA-D621174BE29D}.Ad-Hoc|x64.ActiveCfg = Release|x64
		{98DA7760-0ECC-4F5C-84DA-D621174BE29D}.Ad-Hoc|x64.Build.0 = Release|x64
		{98DA7760-0ECC-4F5C-84DA-D621174BE29D}.Ad-Hoc|x64.Deploy.0 = Release|x64
		{98DA7760-0ECC-4F5C-84DA-D621174BE29D}.Ad-Hoc|x86.ActiveCfg = Release|x86
		{98DA7760-0ECC-4F5C-84DA-D621174BE29D}.Ad-Hoc|x86.Build.0 = Release|x86
		{98DA7760-0ECC-4F5C-84DA-D621174BE29D}.Ad-Hoc|x86.Deploy.0 = Release|x86
		{98DA7760-0ECC-4F5C-84DA-D621174BE29D}.AppStore|Any CPU.ActiveCfg = Release|x86
		{98DA7760-0ECC-4F5C-84DA-D621174BE29D}.AppStore|Any CPU.Build.0 = Release|x86
		{98DA7760-0ECC-4F5C-84DA-D621174BE29D}.AppStore|Any CPU.Deploy.0 = Release|x86
		{98DA7760-0ECC-4F5C-84DA-D621174BE29D}.AppStore|ARM.ActiveCfg = Release|ARM
		{98DA7760-0ECC-4F5C-84DA-D621174BE29D}.AppStore|ARM.Build.0 = Release|ARM
		{98DA7760-0ECC-4F5C-84DA-D621174BE29D}.AppStore|ARM.Deploy.0 = Release|ARM
		{98DA7760-0ECC-4F5C-84DA-D621174BE29D}.AppStore|iPhone.ActiveCfg = Release|x86
		{98DA7760-0ECC-4F5C-84DA-D621174BE29D}.AppStore|iPhone.Build.0 = Release|x86
		{98DA7760-0ECC-4F5C-84DA-D621174BE29D}.AppStore|iPhone.Deploy.0 = Release|x86
		{98DA7760-0ECC-4F5C-84DA-D621174BE29D}.AppStore|iPhoneSimulator.ActiveCfg = Release|x86
		{98DA7760-0ECC-4F5C-84DA-D621174BE29D}.AppStore|iPhoneSimulator.Build.0 = Release|x86
		{98DA7760-0ECC-4F5C-84DA-D621174BE29D}.AppStore|iPhoneSimulator.Deploy.0 = Release|x86
		{98DA7760-0ECC-4F5C-84DA-D621174BE29D}.AppStore|x64.ActiveCfg = Release|x64
		{98DA7760-0ECC-4F5C-84DA-D621174BE29D}.AppStore|x64.Build.0 = Release|x64
		{98DA7760-0ECC-4F5C-84DA-D621174BE29D}.AppStore|x64.Deploy.0 = Release|x64
		{98DA7760-0ECC-4F5C-84DA-D621174BE29D}.AppStore|x86.ActiveCfg = Release|x86
		{98DA7760-0ECC-4F5C-84DA-D621174BE29D}.AppStore|x86.Build.0 = Release|x86
		{98DA7760-0ECC-4F5C-84DA-D621174BE29D}.AppStore|x86.Deploy.0 = Release|x86
		{98DA7760-0ECC-4F5C-84DA-D621174BE29D}.Debug|Any CPU.ActiveCfg = Debug|x86
		{98DA7760-0ECC-4F5C-84DA-D621174BE29D}.Debug|ARM.ActiveCfg = Debug|ARM
		{98DA7760-0ECC-4F5C-84DA-D621174BE29D}.Debug|ARM.Build.0 = Debug|ARM
		{98DA7760-0ECC-4F5C-84DA-D621174BE29D}.Debug|ARM.Deploy.0 = Debug|ARM
		{98DA7760-0ECC-4F5C-84DA-D621174BE29D}.Debug|iPhone.ActiveCfg = Debug|x86
		{98DA7760-0ECC-4F5C-84DA-D621174BE29D}.Debug|iPhoneSimulator.ActiveCfg = Debug|x86
		{98DA7760-0ECC-4F5C-84DA-D621174BE29D}.Debug|x64.ActiveCfg = Debug|x64
		{98DA7760-0ECC-4F5C-84DA-D621174BE29D}.Debug|x64.Build.0 = Debug|x64
		{98DA7760-0ECC-4F5C-84DA-D621174BE29D}.Debug|x64.Deploy.0 = Debug|x64
		{98DA7760-0ECC-4F5C-84DA-D621174BE29D}.Debug|x86.ActiveCfg = Debug|x86
		{98DA7760-0ECC-4F5C-84DA-D621174BE29D}.Debug|x86.Build.0 = Debug|x86
		{98DA7760-0ECC-4F5C-84DA-D621174BE29D}.Debug|x86.Deploy.0 = Debug|x86
		{98DA7760-0ECC-4F5C-84DA-D621174BE29D}.Release|Any CPU.ActiveCfg = Release|x86
		{98DA7760-0ECC-4F5C-84DA-D621174BE29D}.Release|ARM.ActiveCfg = Release|ARM
		{98DA7760-0ECC-4F5C-84DA-D621174BE29D}.Release|ARM.Build.0 = Release|ARM
		{98DA7760-0ECC-4F5C-84DA-D621174BE29D}.Release|ARM.Deploy.0 = Release|ARM
		{98DA7760-0ECC-4F5C-84DA-D621174BE29D}.Release|iPhone.ActiveCfg = Release|x86
		{98DA7760-0ECC-4F5C-84DA-D621174BE29D}.Release|iPhoneSimulator.ActiveCfg = Release|x86
		{98DA7760-0ECC-4F5C-84DA-D621174BE29D}.Release|x64.ActiveCfg = Release|x64
		{98DA7760-0ECC-4F5C-84DA-D621174BE29D}.Release|x64.Build.0 = Release|x64
		{98DA7760-0ECC-4F5C-84DA-D621174BE29D}.Release|x64.Deploy.0 = Release|x64
		{98DA7760-0ECC-4F5C-84DA-D621174BE29D}.Release|x86.ActiveCfg = Release|x86
		{98DA7760-0ECC-4F5C-84DA-D621174BE29D}.Release|x86.Build.0 = Release|x86
		{98DA7760-0ECC-4F5C-84DA-D621174BE29D}.Release|x86.Deploy.0 = Release|x86
		{6E8D546F-760A-47AB-B833-8460001EC7A7}.Ad-Hoc|Any CPU.ActiveCfg = Debug|Any CPU
		{6E8D546F-760A-47AB-B833-8460001EC7A7}.Ad-Hoc|Any CPU.Build.0 = Debug|Any CPU
		{6E8D546F-760A-47AB-B833-8460001EC7A7}.Ad-Hoc|ARM.ActiveCfg = Debug|Any CPU
		{6E8D546F-760A-47AB-B833-8460001EC7A7}.Ad-Hoc|ARM.Build.0 = Debug|Any CPU
		{6E8D546F-760A-47AB-B833-8460001EC7A7}.Ad-Hoc|iPhone.ActiveCfg = Debug|Any CPU
		{6E8D546F-760A-47AB-B833-8460001EC7A7}.Ad-Hoc|iPhone.Build.0 = Debug|Any CPU
		{6E8D546F-760A-47AB-B833-8460001EC7A7}.Ad-Hoc|iPhoneSimulator.ActiveCfg = Debug|Any CPU
		{6E8D546F-760A-47AB-B833-8460001EC7A7}.Ad-Hoc|iPhoneSimulator.Build.0 = Debug|Any CPU
		{6E8D546F-760A-47AB-B833-8460001EC7A7}.Ad-Hoc|x64.ActiveCfg = Debug|Any CPU
		{6E8D546F-760A-47AB-B833-8460001EC7A7}.Ad-Hoc|x64.Build.0 = Debug|Any CPU
		{6E8D546F-760A-47AB-B833-8460001EC7A7}.Ad-Hoc|x86.ActiveCfg = Debug|Any CPU
		{6E8D546F-760A-47AB-B833-8460001EC7A7}.Ad-Hoc|x86.Build.0 = Debug|Any CPU
		{6E8D546F-760A-47AB-B833-8460001EC7A7}.AppStore|Any CPU.ActiveCfg = Debug|Any CPU
		{6E8D546F-760A-47AB-B833-8460001EC7A7}.AppStore|Any CPU.Build.0 = Debug|Any CPU
		{6E8D546F-760A-47AB-B833-8460001EC7A7}.AppStore|ARM.ActiveCfg = Debug|Any CPU
		{6E8D546F-760A-47AB-B833-8460001EC7A7}.AppStore|ARM.Build.0 = Debug|Any CPU
		{6E8D546F-760A-47AB-B833-8460001EC7A7}.AppStore|iPhone.ActiveCfg = Debug|Any CPU
		{6E8D546F-760A-47AB-B833-8460001EC7A7}.AppStore|iPhone.Build.0 = Debug|Any CPU
		{6E8D546F-760A-47AB-B833-8460001EC7A7}.AppStore|iPhoneSimulator.ActiveCfg = Debug|Any CPU
		{6E8D546F-760A-47AB-B833-8460001EC7A7}.AppStore|iPhoneSimulator.Build.0 = Debug|Any CPU
		{6E8D546F-760A-47AB-B833-8460001EC7A7}.AppStore|x64.ActiveCfg = Debug|Any CPU
		{6E8D546F-760A-47AB-B833-8460001EC7A7}.AppStore|x64.Build.0 = Debug|Any CPU
		{6E8D546F-760A-47AB-B833-8460001EC7A7}.AppStore|x86.ActiveCfg = Debug|Any CPU
		{6E8D546F-760A-47AB-B833-8460001EC7A7}.AppStore|x86.Build.0 = Debug|Any CPU
		{6E8D546F-760A-47AB-B833-8460001EC7A7}.Debug|Any CPU.ActiveCfg = Debug|Any CPU
		{6E8D546F-760A-47AB-B833-8460001EC7A7}.Debug|Any CPU.Build.0 = Debug|Any CPU
		{6E8D546F-760A-47AB-B833-8460001EC7A7}.Debug|ARM.ActiveCfg = Debug|Any CPU
		{6E8D546F-760A-47AB-B833-8460001EC7A7}.Debug|ARM.Build.0 = Debug|Any CPU
		{6E8D546F-760A-47AB-B833-8460001EC7A7}.Debug|iPhone.ActiveCfg = Debug|Any CPU
		{6E8D546F-760A-47AB-B833-8460001EC7A7}.Debug|iPhone.Build.0 = Debug|Any CPU
		{6E8D546F-760A-47AB-B833-8460001EC7A7}.Debug|iPhoneSimulator.ActiveCfg = Debug|Any CPU
		{6E8D546F-760A-47AB-B833-8460001EC7A7}.Debug|iPhoneSimulator.Build.0 = Debug|Any CPU
		{6E8D546F-760A-47AB-B833-8460001EC7A7}.Debug|x64.ActiveCfg = Debug|Any CPU
		{6E8D546F-760A-47AB-B833-8460001EC7A7}.Debug|x64.Build.0 = Debug|Any CPU
		{6E8D546F-760A-47AB-B833-8460001EC7A7}.Debug|x86.ActiveCfg = Debug|Any CPU
		{6E8D546F-760A-47AB-B833-8460001EC7A7}.Debug|x86.Build.0 = Debug|Any CPU
		{6E8D546F-760A-47AB-B833-8460001EC7A7}.Release|Any CPU.ActiveCfg = Release|Any CPU
		{6E8D546F-760A-47AB-B833-8460001EC7A7}.Release|Any CPU.Build.0 = Release|Any CPU
		{6E8D546F-760A-47AB-B833-8460001EC7A7}.Release|ARM.ActiveCfg = Release|Any CPU
		{6E8D546F-760A-47AB-B833-8460001EC7A7}.Release|ARM.Build.0 = Release|Any CPU
		{6E8D546F-760A-47AB-B833-8460001EC7A7}.Release|iPhone.ActiveCfg = Release|Any CPU
		{6E8D546F-760A-47AB-B833-8460001EC7A7}.Release|iPhone.Build.0 = Release|Any CPU
		{6E8D546F-760A-47AB-B833-8460001EC7A7}.Release|iPhoneSimulator.ActiveCfg = Release|Any CPU
		{6E8D546F-760A-47AB-B833-8460001EC7A7}.Release|iPhoneSimulator.Build.0 = Release|Any CPU
		{6E8D546F-760A-47AB-B833-8460001EC7A7}.Release|x64.ActiveCfg = Release|Any CPU
		{6E8D546F-760A-47AB-B833-8460001EC7A7}.Release|x64.Build.0 = Release|Any CPU
		{6E8D546F-760A-47AB-B833-8460001EC7A7}.Release|x86.ActiveCfg = Release|Any CPU
		{6E8D546F-760A-47AB-B833-8460001EC7A7}.Release|x86.Build.0 = Release|Any CPU
		{649E0DED-C341-465A-98EC-E34B8987A94A}.Ad-Hoc|Any CPU.ActiveCfg = Debug|Any CPU
		{649E0DED-C341-465A-98EC-E34B8987A94A}.Ad-Hoc|Any CPU.Build.0 = Debug|Any CPU
		{649E0DED-C341-465A-98EC-E34B8987A94A}.Ad-Hoc|ARM.ActiveCfg = Debug|Any CPU
		{649E0DED-C341-465A-98EC-E34B8987A94A}.Ad-Hoc|ARM.Build.0 = Debug|Any CPU
		{649E0DED-C341-465A-98EC-E34B8987A94A}.Ad-Hoc|iPhone.ActiveCfg = Debug|Any CPU
		{649E0DED-C341-465A-98EC-E34B8987A94A}.Ad-Hoc|iPhone.Build.0 = Debug|Any CPU
		{649E0DED-C341-465A-98EC-E34B8987A94A}.Ad-Hoc|iPhoneSimulator.ActiveCfg = Debug|Any CPU
		{649E0DED-C341-465A-98EC-E34B8987A94A}.Ad-Hoc|iPhoneSimulator.Build.0 = Debug|Any CPU
		{649E0DED-C341-465A-98EC-E34B8987A94A}.Ad-Hoc|x64.ActiveCfg = Debug|Any CPU
		{649E0DED-C341-465A-98EC-E34B8987A94A}.Ad-Hoc|x64.Build.0 = Debug|Any CPU
		{649E0DED-C341-465A-98EC-E34B8987A94A}.Ad-Hoc|x86.ActiveCfg = Debug|Any CPU
		{649E0DED-C341-465A-98EC-E34B8987A94A}.Ad-Hoc|x86.Build.0 = Debug|Any CPU
		{649E0DED-C341-465A-98EC-E34B8987A94A}.AppStore|Any CPU.ActiveCfg = Debug|Any CPU
		{649E0DED-C341-465A-98EC-E34B8987A94A}.AppStore|Any CPU.Build.0 = Debug|Any CPU
		{649E0DED-C341-465A-98EC-E34B8987A94A}.AppStore|ARM.ActiveCfg = Debug|Any CPU
		{649E0DED-C341-465A-98EC-E34B8987A94A}.AppStore|ARM.Build.0 = Debug|Any CPU
		{649E0DED-C341-465A-98EC-E34B8987A94A}.AppStore|iPhone.ActiveCfg = Debug|Any CPU
		{649E0DED-C341-465A-98EC-E34B8987A94A}.AppStore|iPhone.Build.0 = Debug|Any CPU
		{649E0DED-C341-465A-98EC-E34B8987A94A}.AppStore|iPhoneSimulator.ActiveCfg = Debug|Any CPU
		{649E0DED-C341-465A-98EC-E34B8987A94A}.AppStore|iPhoneSimulator.Build.0 = Debug|Any CPU
		{649E0DED-C341-465A-98EC-E34B8987A94A}.AppStore|x64.ActiveCfg = Debug|Any CPU
		{649E0DED-C341-465A-98EC-E34B8987A94A}.AppStore|x64.Build.0 = Debug|Any CPU
		{649E0DED-C341-465A-98EC-E34B8987A94A}.AppStore|x86.ActiveCfg = Debug|Any CPU
		{649E0DED-C341-465A-98EC-E34B8987A94A}.AppStore|x86.Build.0 = Debug|Any CPU
		{649E0DED-C341-465A-98EC-E34B8987A94A}.Debug|Any CPU.ActiveCfg = Debug|Any CPU
		{649E0DED-C341-465A-98EC-E34B8987A94A}.Debug|Any CPU.Build.0 = Debug|Any CPU
		{649E0DED-C341-465A-98EC-E34B8987A94A}.Debug|ARM.ActiveCfg = Debug|Any CPU
		{649E0DED-C341-465A-98EC-E34B8987A94A}.Debug|ARM.Build.0 = Debug|Any CPU
		{649E0DED-C341-465A-98EC-E34B8987A94A}.Debug|iPhone.ActiveCfg = Debug|Any CPU
		{649E0DED-C341-465A-98EC-E34B8987A94A}.Debug|iPhone.Build.0 = Debug|Any CPU
		{649E0DED-C341-465A-98EC-E34B8987A94A}.Debug|iPhoneSimulator.ActiveCfg = Debug|Any CPU
		{649E0DED-C341-465A-98EC-E34B8987A94A}.Debug|iPhoneSimulator.Build.0 = Debug|Any CPU
		{649E0DED-C341-465A-98EC-E34B8987A94A}.Debug|x64.ActiveCfg = Debug|Any CPU
		{649E0DED-C341-465A-98EC-E34B8987A94A}.Debug|x64.Build.0 = Debug|Any CPU
		{649E0DED-C341-465A-98EC-E34B8987A94A}.Debug|x86.ActiveCfg = Debug|Any CPU
		{649E0DED-C341-465A-98EC-E34B8987A94A}.Debug|x86.Build.0 = Debug|Any CPU
		{649E0DED-C341-465A-98EC-E34B8987A94A}.Release|Any CPU.ActiveCfg = Release|Any CPU
		{649E0DED-C341-465A-98EC-E34B8987A94A}.Release|Any CPU.Build.0 = Release|Any CPU
		{649E0DED-C341-465A-98EC-E34B8987A94A}.Release|ARM.ActiveCfg = Release|Any CPU
		{649E0DED-C341-465A-98EC-E34B8987A94A}.Release|ARM.Build.0 = Release|Any CPU
		{649E0DED-C341-465A-98EC-E34B8987A94A}.Release|iPhone.ActiveCfg = Release|Any CPU
		{649E0DED-C341-465A-98EC-E34B8987A94A}.Release|iPhone.Build.0 = Release|Any CPU
		{649E0DED-C341-465A-98EC-E34B8987A94A}.Release|iPhoneSimulator.ActiveCfg = Release|Any CPU
		{649E0DED-C341-465A-98EC-E34B8987A94A}.Release|iPhoneSimulator.Build.0 = Release|Any CPU
		{649E0DED-C341-465A-98EC-E34B8987A94A}.Release|x64.ActiveCfg = Release|Any CPU
		{649E0DED-C341-465A-98EC-E34B8987A94A}.Release|x64.Build.0 = Release|Any CPU
		{649E0DED-C341-465A-98EC-E34B8987A94A}.Release|x86.ActiveCfg = Release|Any CPU
		{649E0DED-C341-465A-98EC-E34B8987A94A}.Release|x86.Build.0 = Release|Any CPU
		{BB866FCE-B50B-46BE-92FC-D4CC19D4F8BA}.Ad-Hoc|Any CPU.ActiveCfg = Release|x64
		{BB866FCE-B50B-46BE-92FC-D4CC19D4F8BA}.Ad-Hoc|Any CPU.Build.0 = Release|x64
		{BB866FCE-B50B-46BE-92FC-D4CC19D4F8BA}.Ad-Hoc|Any CPU.Deploy.0 = Release|x64
		{BB866FCE-B50B-46BE-92FC-D4CC19D4F8BA}.Ad-Hoc|ARM.ActiveCfg = Release|ARM
		{BB866FCE-B50B-46BE-92FC-D4CC19D4F8BA}.Ad-Hoc|ARM.Build.0 = Release|ARM
		{BB866FCE-B50B-46BE-92FC-D4CC19D4F8BA}.Ad-Hoc|ARM.Deploy.0 = Release|ARM
		{BB866FCE-B50B-46BE-92FC-D4CC19D4F8BA}.Ad-Hoc|iPhone.ActiveCfg = Release|x64
		{BB866FCE-B50B-46BE-92FC-D4CC19D4F8BA}.Ad-Hoc|iPhone.Build.0 = Release|x64
		{BB866FCE-B50B-46BE-92FC-D4CC19D4F8BA}.Ad-Hoc|iPhone.Deploy.0 = Release|x64
		{BB866FCE-B50B-46BE-92FC-D4CC19D4F8BA}.Ad-Hoc|iPhoneSimulator.ActiveCfg = Release|x64
		{BB866FCE-B50B-46BE-92FC-D4CC19D4F8BA}.Ad-Hoc|iPhoneSimulator.Build.0 = Release|x64
		{BB866FCE-B50B-46BE-92FC-D4CC19D4F8BA}.Ad-Hoc|iPhoneSimulator.Deploy.0 = Release|x64
		{BB866FCE-B50B-46BE-92FC-D4CC19D4F8BA}.Ad-Hoc|x64.ActiveCfg = Release|x64
		{BB866FCE-B50B-46BE-92FC-D4CC19D4F8BA}.Ad-Hoc|x64.Build.0 = Release|x64
		{BB866FCE-B50B-46BE-92FC-D4CC19D4F8BA}.Ad-Hoc|x64.Deploy.0 = Release|x64
		{BB866FCE-B50B-46BE-92FC-D4CC19D4F8BA}.Ad-Hoc|x86.ActiveCfg = Release|x86
		{BB866FCE-B50B-46BE-92FC-D4CC19D4F8BA}.Ad-Hoc|x86.Build.0 = Release|x86
		{BB866FCE-B50B-46BE-92FC-D4CC19D4F8BA}.Ad-Hoc|x86.Deploy.0 = Release|x86
		{BB866FCE-B50B-46BE-92FC-D4CC19D4F8BA}.AppStore|Any CPU.ActiveCfg = Release|x64
		{BB866FCE-B50B-46BE-92FC-D4CC19D4F8BA}.AppStore|Any CPU.Build.0 = Release|x64
		{BB866FCE-B50B-46BE-92FC-D4CC19D4F8BA}.AppStore|Any CPU.Deploy.0 = Release|x64
		{BB866FCE-B50B-46BE-92FC-D4CC19D4F8BA}.AppStore|ARM.ActiveCfg = Release|ARM
		{BB866FCE-B50B-46BE-92FC-D4CC19D4F8BA}.AppStore|ARM.Build.0 = Release|ARM
		{BB866FCE-B50B-46BE-92FC-D4CC19D4F8BA}.AppStore|ARM.Deploy.0 = Release|ARM
		{BB866FCE-B50B-46BE-92FC-D4CC19D4F8BA}.AppStore|iPhone.ActiveCfg = Release|x64
		{BB866FCE-B50B-46BE-92FC-D4CC19D4F8BA}.AppStore|iPhone.Build.0 = Release|x64
		{BB866FCE-B50B-46BE-92FC-D4CC19D4F8BA}.AppStore|iPhone.Deploy.0 = Release|x64
		{BB866FCE-B50B-46BE-92FC-D4CC19D4F8BA}.AppStore|iPhoneSimulator.ActiveCfg = Release|x64
		{BB866FCE-B50B-46BE-92FC-D4CC19D4F8BA}.AppStore|iPhoneSimulator.Build.0 = Release|x64
		{BB866FCE-B50B-46BE-92FC-D4CC19D4F8BA}.AppStore|iPhoneSimulator.Deploy.0 = Release|x64
		{BB866FCE-B50B-46BE-92FC-D4CC19D4F8BA}.AppStore|x64.ActiveCfg = Release|x64
		{BB866FCE-B50B-46BE-92FC-D4CC19D4F8BA}.AppStore|x64.Build.0 = Release|x64
		{BB866FCE-B50B-46BE-92FC-D4CC19D4F8BA}.AppStore|x64.Deploy.0 = Release|x64
		{BB866FCE-B50B-46BE-92FC-D4CC19D4F8BA}.AppStore|x86.ActiveCfg = Release|x86
		{BB866FCE-B50B-46BE-92FC-D4CC19D4F8BA}.AppStore|x86.Build.0 = Release|x86
		{BB866FCE-B50B-46BE-92FC-D4CC19D4F8BA}.AppStore|x86.Deploy.0 = Release|x86
		{BB866FCE-B50B-46BE-92FC-D4CC19D4F8BA}.Debug|Any CPU.ActiveCfg = Debug|x86
		{BB866FCE-B50B-46BE-92FC-D4CC19D4F8BA}.Debug|ARM.ActiveCfg = Debug|ARM
		{BB866FCE-B50B-46BE-92FC-D4CC19D4F8BA}.Debug|ARM.Build.0 = Debug|ARM
		{BB866FCE-B50B-46BE-92FC-D4CC19D4F8BA}.Debug|ARM.Deploy.0 = Debug|ARM
		{BB866FCE-B50B-46BE-92FC-D4CC19D4F8BA}.Debug|iPhone.ActiveCfg = Debug|x86
		{BB866FCE-B50B-46BE-92FC-D4CC19D4F8BA}.Debug|iPhoneSimulator.ActiveCfg = Debug|x86
		{BB866FCE-B50B-46BE-92FC-D4CC19D4F8BA}.Debug|x64.ActiveCfg = Debug|x64
		{BB866FCE-B50B-46BE-92FC-D4CC19D4F8BA}.Debug|x64.Build.0 = Debug|x64
		{BB866FCE-B50B-46BE-92FC-D4CC19D4F8BA}.Debug|x64.Deploy.0 = Debug|x64
		{BB866FCE-B50B-46BE-92FC-D4CC19D4F8BA}.Debug|x86.ActiveCfg = Debug|x86
		{BB866FCE-B50B-46BE-92FC-D4CC19D4F8BA}.Debug|x86.Build.0 = Debug|x86
		{BB866FCE-B50B-46BE-92FC-D4CC19D4F8BA}.Debug|x86.Deploy.0 = Debug|x86
		{BB866FCE-B50B-46BE-92FC-D4CC19D4F8BA}.Release|Any CPU.ActiveCfg = Release|x86
		{BB866FCE-B50B-46BE-92FC-D4CC19D4F8BA}.Release|ARM.ActiveCfg = Release|ARM
		{BB866FCE-B50B-46BE-92FC-D4CC19D4F8BA}.Release|ARM.Build.0 = Release|ARM
		{BB866FCE-B50B-46BE-92FC-D4CC19D4F8BA}.Release|ARM.Deploy.0 = Release|ARM
		{BB866FCE-B50B-46BE-92FC-D4CC19D4F8BA}.Release|iPhone.ActiveCfg = Release|x86
		{BB866FCE-B50B-46BE-92FC-D4CC19D4F8BA}.Release|iPhoneSimulator.ActiveCfg = Release|x86
		{BB866FCE-B50B-46BE-92FC-D4CC19D4F8BA}.Release|x64.ActiveCfg = Release|x64
		{BB866FCE-B50B-46BE-92FC-D4CC19D4F8BA}.Release|x64.Build.0 = Release|x64
		{BB866FCE-B50B-46BE-92FC-D4CC19D4F8BA}.Release|x64.Deploy.0 = Release|x64
		{BB866FCE-B50B-46BE-92FC-D4CC19D4F8BA}.Release|x86.ActiveCfg = Release|x86
		{BB866FCE-B50B-46BE-92FC-D4CC19D4F8BA}.Release|x86.Build.0 = Release|x86
		{BB866FCE-B50B-46BE-92FC-D4CC19D4F8BA}.Release|x86.Deploy.0 = Release|x86
	EndGlobalSection
	GlobalSection(SolutionProperties) = preSolution
		HideSolutionNode = FALSE
	EndGlobalSection
	GlobalSection(ExtensibilityGlobals) = postSolution
		SolutionGuid = {5002BBCA-5898-4A9B-A3AD-B81FF7D05147}
	EndGlobalSection
EndGlobal
